
Microsoft Visual Studio Solution File, Format Version 12.00
# Visual Studio Version 16
VisualStudioVersion = 16.0.30717.126
MinimumVisualStudioVersion = 10.0.40219.1
Project("{9A19103F-16F7-4668-BE54-9A1E7A4F7556}") = "PixelWindowSample", "PixelWindowSample\PixelWindowSample.csproj", "{39C2B8F2-D62D-46E8-98AA-782548BE52C7}"
EndProject
Project("{9A19103F-16F7-4668-BE54-9A1E7A4F7556}") = "Pixel", "Pixel\Pixel.csproj", "{08F2514C-D958-4687-AD5C-B041EB7DCEE8}"
EndProject
Project("{9A19103F-16F7-4668-BE54-9A1E7A4F7556}") = "PixelSpriteResourceSample", "PixelSpriteResourceSample\PixelSpriteResourceSample.csproj", "{96363563-EC03-4DD6-9D4B-779EBD88030E}"
EndProject
Project("{9A19103F-16F7-4668-BE54-9A1E7A4F7556}") = "PixelLifecycleSample", "PixelLifecycleSample\PixelLifecycleSample.csproj", "{EA300457-16DA-4671-9266-BC2FA8A3593D}"
EndProject
Project("{9A19103F-16F7-4668-BE54-9A1E7A4F7556}") = "PixelCamerasSample", "PixelCameraExample\PixelCamerasSample.csproj", "{BB870226-8713-4C11-BFD8-F8938EE3D4D9}"
EndProject
Project("{9A19103F-16F7-4668-BE54-9A1E7A4F7556}") = "PixelTileSample", "PixelTileSample\PixelTileSample.csproj", "{2FD8C756-71DC-4004-AABB-4FBE020596B6}"
EndProject
Project("{9A19103F-16F7-4668-BE54-9A1E7A4F7556}") = "SpritePackerSample", "SpritePackerSample\SpritePackerSample.csproj", "{EB23AAC1-A74C-4C08-950E-EE9EFA66D9E0}"
EndProject
Project("{9A19103F-16F7-4668-BE54-9A1E7A4F7556}") = "PixelCollisionExample", "PixelCollisionExample\PixelCollisionExample.csproj", "{9BA1F65B-3A5B-430D-A61A-FF9A1939956B}"
EndProject
Project("{9A19103F-16F7-4668-BE54-9A1E7A4F7556}") = "PackerLib", "..\PixelPacker\PixelPacker\PackerLib\PackerLib.csproj", "{B051E1A5-6580-4E25-B895-C065444D8FE3}"
EndProject
Global
	GlobalSection(SolutionConfigurationPlatforms) = preSolution
		Debug|Any CPU = Debug|Any CPU
		Release|Any CPU = Release|Any CPU
	EndGlobalSection
	GlobalSection(ProjectConfigurationPlatforms) = postSolution
		{39C2B8F2-D62D-46E8-98AA-782548BE52C7}.Debug|Any CPU.ActiveCfg = Debug|Any CPU
		{39C2B8F2-D62D-46E8-98AA-782548BE52C7}.Debug|Any CPU.Build.0 = Debug|Any CPU
		{39C2B8F2-D62D-46E8-98AA-782548BE52C7}.Release|Any CPU.ActiveCfg = Release|Any CPU
		{39C2B8F2-D62D-46E8-98AA-782548BE52C7}.Release|Any CPU.Build.0 = Release|Any CPU
		{08F2514C-D958-4687-AD5C-B041EB7DCEE8}.Debug|Any CPU.ActiveCfg = Debug|Any CPU
		{08F2514C-D958-4687-AD5C-B041EB7DCEE8}.Debug|Any CPU.Build.0 = Debug|Any CPU
		{08F2514C-D958-4687-AD5C-B041EB7DCEE8}.Release|Any CPU.ActiveCfg = Release|Any CPU
		{08F2514C-D958-4687-AD5C-B041EB7DCEE8}.Release|Any CPU.Build.0 = Release|Any CPU
		{96363563-EC03-4DD6-9D4B-779EBD88030E}.Debug|Any CPU.ActiveCfg = Debug|Any CPU
		{96363563-EC03-4DD6-9D4B-779EBD88030E}.Debug|Any CPU.Build.0 = Debug|Any CPU
		{96363563-EC03-4DD6-9D4B-779EBD88030E}.Release|Any CPU.ActiveCfg = Release|Any CPU
		{96363563-EC03-4DD6-9D4B-779EBD88030E}.Release|Any CPU.Build.0 = Release|Any CPU
		{EA300457-16DA-4671-9266-BC2FA8A3593D}.Debug|Any CPU.ActiveCfg = Debug|Any CPU
		{EA300457-16DA-4671-9266-BC2FA8A3593D}.Debug|Any CPU.Build.0 = Debug|Any CPU
		{EA300457-16DA-4671-9266-BC2FA8A3593D}.Release|Any CPU.ActiveCfg = Release|Any CPU
		{EA300457-16DA-4671-9266-BC2FA8A3593D}.Release|Any CPU.Build.0 = Release|Any CPU
		{BB870226-8713-4C11-BFD8-F8938EE3D4D9}.Debug|Any CPU.ActiveCfg = Debug|Any CPU
		{BB870226-8713-4C11-BFD8-F8938EE3D4D9}.Debug|Any CPU.Build.0 = Debug|Any CPU
		{BB870226-8713-4C11-BFD8-F8938EE3D4D9}.Release|Any CPU.ActiveCfg = Release|Any CPU
		{BB870226-8713-4C11-BFD8-F8938EE3D4D9}.Release|Any CPU.Build.0 = Release|Any CPU
		{2FD8C756-71DC-4004-AABB-4FBE020596B6}.Debug|Any CPU.ActiveCfg = Debug|Any CPU
		{2FD8C756-71DC-4004-AABB-4FBE020596B6}.Debug|Any CPU.Build.0 = Debug|Any CPU
		{2FD8C756-71DC-4004-AABB-4FBE020596B6}.Release|Any CPU.ActiveCfg = Release|Any CPU
		{2FD8C756-71DC-4004-AABB-4FBE020596B6}.Release|Any CPU.Build.0 = Release|Any CPU
		{EB23AAC1-A74C-4C08-950E-EE9EFA66D9E0}.Debug|Any CPU.ActiveCfg = Debug|Any CPU
		{EB23AAC1-A74C-4C08-950E-EE9EFA66D9E0}.Debug|Any CPU.Build.0 = Debug|Any CPU
		{EB23AAC1-A74C-4C08-950E-EE9EFA66D9E0}.Release|Any CPU.ActiveCfg = Release|Any CPU
		{EB23AAC1-A74C-4C08-950E-EE9EFA66D9E0}.Release|Any CPU.Build.0 = Release|Any CPU
		{9BA1F65B-3A5B-430D-A61A-FF9A1939956B}.Debug|Any CPU.ActiveCfg = Debug|Any CPU
		{9BA1F65B-3A5B-430D-A61A-FF9A1939956B}.Debug|Any CPU.Build.0 = Debug|Any CPU
		{9BA1F65B-3A5B-430D-A61A-FF9A1939956B}.Release|Any CPU.ActiveCfg = Release|Any CPU
		{9BA1F65B-3A5B-430D-A61A-FF9A1939956B}.Release|Any CPU.Build.0 = Release|Any CPU
		{B051E1A5-6580-4E25-B895-C065444D8FE3}.Debug|Any CPU.ActiveCfg = Debug|Any CPU
		{B051E1A5-6580-4E25-B895-C065444D8FE3}.Debug|Any CPU.Build.0 = Debug|Any CPU
		{B051E1A5-6580-4E25-B895-C065444D8FE3}.Release|Any CPU.ActiveCfg = Release|Any CPU
		{B051E1A5-6580-4E25-B895-C065444D8FE3}.Release|Any CPU.Build.0 = Release|Any CPU
	EndGlobalSection
	GlobalSection(SolutionProperties) = preSolution
		HideSolutionNode = FALSE
	EndGlobalSection
	GlobalSection(ExtensibilityGlobals) = postSolution
		SolutionGuid = {2E696F10-AD40-46E6-85EA-DAA2CB8BEB8C}
	EndGlobalSection
EndGlobal
